PODS:
  - Flutter (1.0.0)
  - flutter_vnpay (0.0.1):
    - Flutter

DEPENDENCIES:
  - Flutter (from `Flutter`)
  - flutter_vnpay (from `.symlinks/plugins/flutter_vnpay/ios`)

EXTERNAL SOURCES:
  Flutter:
    :path: Flutter
  flutter_vnpay:
    :path: ".symlinks/plugins/flutter_vnpay/ios"

SPEC CHECKSUMS:
  Flutter: 434fef37c0980e73bb6479ef766c45957d4b510c
  flutter_vnpay: 6c8ad74f5a09163283d6a799eadd93c5e37eefb9

PODFILE CHECKSUM: aafe91acc616949ddb318b77800a7f51bffa2a4c

COCOAPODS: 1.10.1
